
Microsoft Visual Studio Solution File, Format Version 12.00
# Visual Studio Version 17
VisualStudioVersion = 17.3.32929.385
MinimumVisualStudioVersion = 10.0.40219.1
Project("{FAE04EC0-301F-11D3-BF4B-00C04F79EFBC}") = "BusinessManagementApp", "BusinessManagementApp\BusinessManagementApp.csproj", "{815D6FC0-EBCA-4290-8707-D9E193667338}"
EndProject
Global
	GlobalSection(SolutionConfigurationPlatforms) = preSolution
		Debug|Any CPU = Debug|Any CPU
		Release|Any CPU = Release|Any CPU
	EndGlobalSection
	GlobalSection(ProjectConfigurationPlatforms) = postSolution
		{815D6FC0-EBCA-4290-8707-D9E193667338}.Debug|Any CPU.ActiveCfg = Debug|Any CPU
		{815D6FC0-EBCA-4290-8707-D9E193667338}.Debug|Any CPU.Build.0 = Debug|Any CPU
		{815D6FC0-EBCA-4290-8707-D9E193667338}.Release|Any CPU.ActiveCfg = Release|Any CPU
		{815D6FC0-EBCA-4290-8707-D9E193667338}.Release|Any CPU.Build.0 = Release|Any CPU
	EndGlobalSection
	GlobalSection(SolutionProperties) = preSolution
		HideSolutionNode = FALSE
	EndGlobalSection
	GlobalSection(ExtensibilityGlobals) = postSolution
		SolutionGuid = {A9B5CB5A-D1FC-4CB6-BA45-9EE0B91152B6}
	EndGlobalSection
EndGlobal
